
Microsoft Visual Studio Solution File, Format Version 12.00
# Visual Studio Version 16
VisualStudioVersion = 16.0.29613.14
MinimumVisualStudioVersion = 10.0.40219.1
Project("{FAE04EC0-301F-11D3-BF4B-00C04F79EFBC}") = "telaSimples", "telaSimples\telaSimples.csproj", "{02B52243-95D4-4A05-93CF-7AF5B9850591}"
EndProject
Global
	GlobalSection(SolutionConfigurationPlatforms) = preSolution
		Debug|Any CPU = Debug|Any CPU
		Release|Any CPU = Release|Any CPU
	EndGlobalSection
	GlobalSection(ProjectConfigurationPlatforms) = postSolution
		{02B52243-95D4-4A05-93CF-7AF5B9850591}.Debug|Any CPU.ActiveCfg = Debug|Any CPU
		{02B52243-95D4-4A05-93CF-7AF5B9850591}.Debug|Any CPU.Build.0 = Debug|Any CPU
		{02B52243-95D4-4A05-93CF-7AF5B9850591}.Release|Any CPU.ActiveCfg = Release|Any CPU
		{02B52243-95D4-4A05-93CF-7AF5B9850591}.Release|Any CPU.Build.0 = Release|Any CPU
	EndGlobalSection
	GlobalSection(SolutionProperties) = preSolution
		HideSolutionNode = FALSE
	EndGlobalSection
	GlobalSection(ExtensibilityGlobals) = postSolution
		SolutionGuid = {1710F029-23DB-4F0D-A749-3748D8DBE9A0}
	EndGlobalSection
EndGlobal
